
Microsoft Visual Studio Solution File, Format Version 12.00
# Visual Studio Version 16
VisualStudioVersion = 16.0.28407.52
MinimumVisualStudioVersion = 10.0.40219.1
Project("{FAE04EC0-301F-11D3-BF4B-00C04F79EFBC}") = "TPR_ExampleView", "TPR_ExampleView\TPR_ExampleView.csproj", "{B43ACE31-2FC3-4D80-8AA4-56D840704327}"
	ProjectSection(ProjectDependencies) = postProject
		{CF3CCD2E-C24F-460E-904A-677BE24F3842} = {CF3CCD2E-C24F-460E-904A-677BE24F3842}
		{61858E9E-5FE8-4805-B778-CBE06D65A31F} = {61858E9E-5FE8-4805-B778-CBE06D65A31F}
	EndProjectSection
EndProject
Project("{FAE04EC0-301F-11D3-BF4B-00C04F79EFBC}") = "TestLibrary", "TestLibrary\TestLibrary.csproj", "{61858E9E-5FE8-4805-B778-CBE06D65A31F}"
	ProjectSection(ProjectDependencies) = postProject
		{CF3CCD2E-C24F-460E-904A-677BE24F3842} = {CF3CCD2E-C24F-460E-904A-677BE24F3842}
	EndProjectSection
EndProject
Project("{FAE04EC0-301F-11D3-BF4B-00C04F79EFBC}") = "BaseLibrary", "BaseLibrary\BaseLibrary.csproj", "{CF3CCD2E-C24F-460E-904A-677BE24F3842}"
EndProject
Project("{FAE04EC0-301F-11D3-BF4B-00C04F79EFBC}") = "ImageCollection", "ImageCollection\ImageCollection.csproj", "{C43CBBA3-3098-474D-A8E5-D58BCD0D1591}"
EndProject
Project("{FAE04EC0-301F-11D3-BF4B-00C04F79EFBC}") = "ExplorerImage", "ExplorerImage\ExplorerImage.csproj", "{BD244BB0-4A77-4A7F-8FC5-0BBF79E9A0CF}"
EndProject
Project("{FAE04EC0-301F-11D3-BF4B-00C04F79EFBC}") = "ClassLibrary2", "ClassLibrary2\ClassLibrary2.csproj", "{B8DB105D-E712-4EDF-BC74-18804EC2CCF1}"
EndProject
Project("{FAE04EC0-301F-11D3-BF4B-00C04F79EFBC}") = "myLab", "myLab\myLab.csproj", "{4B9D67FD-B4C2-4BC8-BDCB-129E00C0C778}"
EndProject
Project("{FAE04EC0-301F-11D3-BF4B-00C04F79EFBC}") = "MYRmen", "MURmen\MYRmen.csproj", "{6BBBB163-8C7F-49A3-8C7E-D0FE2561DAFC}"
EndProject
Global
	GlobalSection(SolutionConfigurationPlatforms) = preSolution
		CodeAnalysisDebug|Any CPU = CodeAnalysisDebug|Any CPU
		CodeAnalysisDebug|x64 = CodeAnalysisDebug|x64
		Debug|Any CPU = Debug|Any CPU
		Debug|x64 = Debug|x64
		Release|Any CPU = Release|Any CPU
		Release|x64 = Release|x64
	EndGlobalSection
	GlobalSection(ProjectConfigurationPlatforms) = postSolution
		{B43ACE31-2FC3-4D80-8AA4-56D840704327}.CodeAnalysisDebug|Any CPU.ActiveCfg = Debug|Any CPU
		{B43ACE31-2FC3-4D80-8AA4-56D840704327}.CodeAnalysisDebug|Any CPU.Build.0 = Debug|Any CPU
		{B43ACE31-2FC3-4D80-8AA4-56D840704327}.CodeAnalysisDebug|x64.ActiveCfg = Debug|Any CPU
		{B43ACE31-2FC3-4D80-8AA4-56D840704327}.CodeAnalysisDebug|x64.Build.0 = Debug|Any CPU
		{B43ACE31-2FC3-4D80-8AA4-56D840704327}.Debug|Any CPU.ActiveCfg = Debug|Any CPU
		{B43ACE31-2FC3-4D80-8AA4-56D840704327}.Debug|Any CPU.Build.0 = Debug|Any CPU
		{B43ACE31-2FC3-4D80-8AA4-56D840704327}.Debug|x64.ActiveCfg = Debug|Any CPU
		{B43ACE31-2FC3-4D80-8AA4-56D840704327}.Debug|x64.Build.0 = Debug|Any CPU
		{B43ACE31-2FC3-4D80-8AA4-56D840704327}.Release|Any CPU.ActiveCfg = Release|Any CPU
		{B43ACE31-2FC3-4D80-8AA4-56D840704327}.Release|Any CPU.Build.0 = Release|Any CPU
		{B43ACE31-2FC3-4D80-8AA4-56D840704327}.Release|x64.ActiveCfg = Release|Any CPU
		{B43ACE31-2FC3-4D80-8AA4-56D840704327}.Release|x64.Build.0 = Release|Any CPU
		{61858E9E-5FE8-4805-B778-CBE06D65A31F}.CodeAnalysisDebug|Any CPU.ActiveCfg = Debug|Any CPU
		{61858E9E-5FE8-4805-B778-CBE06D65A31F}.CodeAnalysisDebug|Any CPU.Build.0 = Debug|Any CPU
		{61858E9E-5FE8-4805-B778-CBE06D65A31F}.CodeAnalysisDebug|x64.ActiveCfg = Debug|Any CPU
		{61858E9E-5FE8-4805-B778-CBE06D65A31F}.CodeAnalysisDebug|x64.Build.0 = Debug|Any CPU
		{61858E9E-5FE8-4805-B778-CBE06D65A31F}.Debug|Any CPU.ActiveCfg = Debug|Any CPU
		{61858E9E-5FE8-4805-B778-CBE06D65A31F}.Debug|Any CPU.Build.0 = Debug|Any CPU
		{61858E9E-5FE8-4805-B778-CBE06D65A31F}.Debug|x64.ActiveCfg = Debug|Any CPU
		{61858E9E-5FE8-4805-B778-CBE06D65A31F}.Debug|x64.Build.0 = Debug|Any CPU
		{61858E9E-5FE8-4805-B778-CBE06D65A31F}.Release|Any CPU.ActiveCfg = Release|Any CPU
		{61858E9E-5FE8-4805-B778-CBE06D65A31F}.Release|Any CPU.Build.0 = Release|Any CPU
		{61858E9E-5FE8-4805-B778-CBE06D65A31F}.Release|x64.ActiveCfg = Release|Any CPU
		{61858E9E-5FE8-4805-B778-CBE06D65A31F}.Release|x64.Build.0 = Release|Any CPU
		{CF3CCD2E-C24F-460E-904A-677BE24F3842}.CodeAnalysisDebug|Any CPU.ActiveCfg = Debug|Any CPU
		{CF3CCD2E-C24F-460E-904A-677BE24F3842}.CodeAnalysisDebug|Any CPU.Build.0 = Debug|Any CPU
		{CF3CCD2E-C24F-460E-904A-677BE24F3842}.CodeAnalysisDebug|x64.ActiveCfg = Debug|Any CPU
		{CF3CCD2E-C24F-460E-904A-677BE24F3842}.CodeAnalysisDebug|x64.Build.0 = Debug|Any CPU
		{CF3CCD2E-C24F-460E-904A-677BE24F3842}.Debug|Any CPU.ActiveCfg = Debug|Any CPU
		{CF3CCD2E-C24F-460E-904A-677BE24F3842}.Debug|Any CPU.Build.0 = Debug|Any CPU
		{CF3CCD2E-C24F-460E-904A-677BE24F3842}.Debug|x64.ActiveCfg = Debug|Any CPU
		{CF3CCD2E-C24F-460E-904A-677BE24F3842}.Debug|x64.Build.0 = Debug|Any CPU
		{CF3CCD2E-C24F-460E-904A-677BE24F3842}.Release|Any CPU.ActiveCfg = Release|Any CPU
		{CF3CCD2E-C24F-460E-904A-677BE24F3842}.Release|Any CPU.Build.0 = Release|Any CPU
		{CF3CCD2E-C24F-460E-904A-677BE24F3842}.Release|x64.ActiveCfg = Release|Any CPU
		{CF3CCD2E-C24F-460E-904A-677BE24F3842}.Release|x64.Build.0 = Release|Any CPU
		{C43CBBA3-3098-474D-A8E5-D58BCD0D1591}.CodeAnalysisDebug|Any CPU.ActiveCfg = Debug|Any CPU
		{C43CBBA3-3098-474D-A8E5-D58BCD0D1591}.CodeAnalysisDebug|Any CPU.Build.0 = Debug|Any CPU
		{C43CBBA3-3098-474D-A8E5-D58BCD0D1591}.CodeAnalysisDebug|x64.ActiveCfg = Debug|Any CPU
		{C43CBBA3-3098-474D-A8E5-D58BCD0D1591}.CodeAnalysisDebug|x64.Build.0 = Debug|Any CPU
		{C43CBBA3-3098-474D-A8E5-D58BCD0D1591}.Debug|Any CPU.ActiveCfg = Debug|Any CPU
		{C43CBBA3-3098-474D-A8E5-D58BCD0D1591}.Debug|Any CPU.Build.0 = Debug|Any CPU
		{C43CBBA3-3098-474D-A8E5-D58BCD0D1591}.Debug|x64.ActiveCfg = Debug|Any CPU
		{C43CBBA3-3098-474D-A8E5-D58BCD0D1591}.Debug|x64.Build.0 = Debug|Any CPU
		{C43CBBA3-3098-474D-A8E5-D58BCD0D1591}.Release|Any CPU.ActiveCfg = Release|Any CPU
		{C43CBBA3-3098-474D-A8E5-D58BCD0D1591}.Release|Any CPU.Build.0 = Release|Any CPU
		{C43CBBA3-3098-474D-A8E5-D58BCD0D1591}.Release|x64.ActiveCfg = Release|Any CPU
		{C43CBBA3-3098-474D-A8E5-D58BCD0D1591}.Release|x64.Build.0 = Release|Any CPU
		{BD244BB0-4A77-4A7F-8FC5-0BBF79E9A0CF}.CodeAnalysisDebug|Any CPU.ActiveCfg = Debug|Any CPU
		{BD244BB0-4A77-4A7F-8FC5-0BBF79E9A0CF}.CodeAnalysisDebug|Any CPU.Build.0 = Debug|Any CPU
		{BD244BB0-4A77-4A7F-8FC5-0BBF79E9A0CF}.CodeAnalysisDebug|x64.ActiveCfg = Debug|Any CPU
		{BD244BB0-4A77-4A7F-8FC5-0BBF79E9A0CF}.CodeAnalysisDebug|x64.Build.0 = Debug|Any CPU
		{BD244BB0-4A77-4A7F-8FC5-0BBF79E9A0CF}.Debug|Any CPU.ActiveCfg = Debug|Any CPU
		{BD244BB0-4A77-4A7F-8FC5-0BBF79E9A0CF}.Debug|Any CPU.Build.0 = Debug|Any CPU
		{BD244BB0-4A77-4A7F-8FC5-0BBF79E9A0CF}.Debug|x64.ActiveCfg = Debug|Any CPU
		{BD244BB0-4A77-4A7F-8FC5-0BBF79E9A0CF}.Debug|x64.Build.0 = Debug|Any CPU
		{BD244BB0-4A77-4A7F-8FC5-0BBF79E9A0CF}.Release|Any CPU.ActiveCfg = Release|Any CPU
		{BD244BB0-4A77-4A7F-8FC5-0BBF79E9A0CF}.Release|Any CPU.Build.0 = Release|Any CPU
		{BD244BB0-4A77-4A7F-8FC5-0BBF79E9A0CF}.Release|x64.ActiveCfg = Release|Any CPU
		{BD244BB0-4A77-4A7F-8FC5-0BBF79E9A0CF}.Release|x64.Build.0 = Release|Any CPU
		{B8DB105D-E712-4EDF-BC74-18804EC2CCF1}.CodeAnalysisDebug|Any CPU.ActiveCfg = Debug|Any CPU
		{B8DB105D-E712-4EDF-BC74-18804EC2CCF1}.CodeAnalysisDebug|Any CPU.Build.0 = Debug|Any CPU
		{B8DB105D-E712-4EDF-BC74-18804EC2CCF1}.CodeAnalysisDebug|x64.ActiveCfg = Debug|Any CPU
		{B8DB105D-E712-4EDF-BC74-18804EC2CCF1}.CodeAnalysisDebug|x64.Build.0 = Debug|Any CPU
		{B8DB105D-E712-4EDF-BC74-18804EC2CCF1}.Debug|Any CPU.ActiveCfg = Debug|Any CPU
		{B8DB105D-E712-4EDF-BC74-18804EC2CCF1}.Debug|Any CPU.Build.0 = Debug|Any CPU
		{B8DB105D-E712-4EDF-BC74-18804EC2CCF1}.Debug|x64.ActiveCfg = Debug|Any CPU
		{B8DB105D-E712-4EDF-BC74-18804EC2CCF1}.Debug|x64.Build.0 = Debug|Any CPU
		{B8DB105D-E712-4EDF-BC74-18804EC2CCF1}.Release|Any CPU.ActiveCfg = Release|Any CPU
		{B8DB105D-E712-4EDF-BC74-18804EC2CCF1}.Release|Any CPU.Build.0 = Release|Any CPU
		{B8DB105D-E712-4EDF-BC74-18804EC2CCF1}.Release|x64.ActiveCfg = Release|Any CPU
		{B8DB105D-E712-4EDF-BC74-18804EC2CCF1}.Release|x64.Build.0 = Release|Any CPU
		{4B9D67FD-B4C2-4BC8-BDCB-129E00C0C778}.CodeAnalysisDebug|Any CPU.ActiveCfg = Debug|Any CPU
		{4B9D67FD-B4C2-4BC8-BDCB-129E00C0C778}.CodeAnalysisDebug|Any CPU.Build.0 = Debug|Any CPU
		{4B9D67FD-B4C2-4BC8-BDCB-129E00C0C778}.CodeAnalysisDebug|x64.ActiveCfg = Debug|Any CPU
		{4B9D67FD-B4C2-4BC8-BDCB-129E00C0C778}.CodeAnalysisDebug|x64.Build.0 = Debug|Any CPU
		{4B9D67FD-B4C2-4BC8-BDCB-129E00C0C778}.Debug|Any CPU.ActiveCfg = Debug|Any CPU
		{4B9D67FD-B4C2-4BC8-BDCB-129E00C0C778}.Debug|Any CPU.Build.0 = Debug|Any CPU
		{4B9D67FD-B4C2-4BC8-BDCB-129E00C0C778}.Debug|x64.ActiveCfg = Debug|Any CPU
		{4B9D67FD-B4C2-4BC8-BDCB-129E00C0C778}.Debug|x64.Build.0 = Debug|Any CPU
		{4B9D67FD-B4C2-4BC8-BDCB-129E00C0C778}.Release|Any CPU.ActiveCfg = Release|Any CPU
		{4B9D67FD-B4C2-4BC8-BDCB-129E00C0C778}.Release|Any CPU.Build.0 = Release|Any CPU
		{4B9D67FD-B4C2-4BC8-BDCB-129E00C0C778}.Release|x64.ActiveCfg = Release|Any CPU
		{4B9D67FD-B4C2-4BC8-BDCB-129E00C0C778}.Release|x64.Build.0 = Release|Any CPU
		{6BBBB163-8C7F-49A3-8C7E-D0FE2561DAFC}.CodeAnalysisDebug|Any CPU.ActiveCfg = Debug|Any CPU
		{6BBBB163-8C7F-49A3-8C7E-D0FE2561DAFC}.CodeAnalysisDebug|Any CPU.Build.0 = Debug|Any CPU
		{6BBBB163-8C7F-49A3-8C7E-D0FE2561DAFC}.CodeAnalysisDebug|x64.ActiveCfg = Debug|Any CPU
		{6BBBB163-8C7F-49A3-8C7E-D0FE2561DAFC}.CodeAnalysisDebug|x64.Build.0 = Debug|Any CPU
		{6BBBB163-8C7F-49A3-8C7E-D0FE2561DAFC}.Debug|Any CPU.ActiveCfg = Debug|Any CPU
		{6BBBB163-8C7F-49A3-8C7E-D0FE2561DAFC}.Debug|Any CPU.Build.0 = Debug|Any CPU
		{6BBBB163-8C7F-49A3-8C7E-D0FE2561DAFC}.Debug|x64.ActiveCfg = Debug|Any CPU
		{6BBBB163-8C7F-49A3-8C7E-D0FE2561DAFC}.Debug|x64.Build.0 = Debug|Any CPU
		{6BBBB163-8C7F-49A3-8C7E-D0FE2561DAFC}.Release|Any CPU.ActiveCfg = Release|Any CPU
		{6BBBB163-8C7F-49A3-8C7E-D0FE2561DAFC}.Release|Any CPU.Build.0 = Release|Any CPU
		{6BBBB163-8C7F-49A3-8C7E-D0FE2561DAFC}.Release|x64.ActiveCfg = Release|Any CPU
		{6BBBB163-8C7F-49A3-8C7E-D0FE2561DAFC}.Release|x64.Build.0 = Release|Any CPU
	EndGlobalSection
	GlobalSection(SolutionProperties) = preSolution
		HideSolutionNode = FALSE
	EndGlobalSection
	GlobalSection(ExtensibilityGlobals) = postSolution
		SolutionGuid = {2D7FAEF3-E397-4514-A94D-78E4FA7BD6A6}
	EndGlobalSection
EndGlobal
